name: terragrunt-unlock

run-name: "Unlock ${{ inputs.S3_LOCKFILE }}"

on:

  workflow_dispatch:
    inputs:
      STACK:
        description: 'stack:'
        type: string
        required: true
      S3_LOCKFILE:
        description: 's3 lockfile:'
        required: true
        type: string

permissions:
  contents: read
  id-token: write

defaults:
  run:
    shell: bash

jobs:

  unlock:
    runs-on: ubuntu-latest
    steps:
      -
        uses: actions/checkout@v6
      -
        name: Get stack info
        id: stack-info
        uses: ./.github/actions/tg-stack-info
        with:
          INFO_FILE: infra/stacks/${{ inputs.STACK }}/stack.yml
      -
        name: Configure AWS credentials
        uses: aws-actions/configure-aws-credentials@v6
        with:
          role-to-assume: ${{ steps.stack-info.outputs.assume-role-arn }}
          aws-region: us-east-1
      -
        name: Delete S3 lockfile
        env:
          STATES_BUCKET: ${{ steps.stack-info.outputs.states-bucket }}
          LOCKFILE_KEY: ${{ inputs.S3_LOCKFILE }}
        run: |
          LOCKFILE_KEY="${LOCKFILE_KEY#/}"
          LOCKFILE_URI="s3://${STATES_BUCKET}/${LOCKFILE_KEY}"

          echo "Deleting lockfile: ${LOCKFILE_URI}"
          aws s3 rm "${LOCKFILE_URI}"

          echo "::notice::Deleted ${LOCKFILE_URI}"
